PODS:
  - NISDK3 (1.1.4)
  - SWXMLHash (5.0.1)

DEPENDENCIES:
  - NISDK3 (from `../`)
  - SWXMLHash (= 5.0.1)

SPEC REPOS:
  trunk:
    - SWXMLHash

EXTERNAL SOURCES:
  NISDK3:
    :path: "../"

SPEC CHECKSUMS:
  NISDK3: d22b2459b6d57c15b3afcd75d278630a29d3691c
  SWXMLHash: 9cc0c2e4807926c74377724aa8722ee5707a0485

PODFILE CHECKSUM: 4294a129b170cabf91e81e92d81a7ad100770d6b

COCOAPODS: 1.16.2
